# ply.lock — generated by `ply build`; do not edit by hand.
[[package]]
name = "node"
version = "24.6.0"
source = "https://registry.plybox.sh/ply/{package}"
sha256 = "sha256:692ba65175bc5ff094aa0a6076f4febfb360bfacdfecca08b78db87edb782f24"

[[package]]
name = "debian"
version = "13.6.0"
source = "https://registry.plybox.sh/ply/{package}"
sha256 = "sha256:066bba3cbdfa7f0ec35e6b61bf94d05db68b540a75b39f9739d97b59e708f8bc"
